
Microsoft Visual Studio Solution File, Format Version 12.00
# Visual Studio Version 17
VisualStudioVersion = 17.0.31903.59
MinimumVisualStudioVersion = 10.0.40219.1
Project("{FAE04EC0-301F-11D3-BF4B-00C04F79EFBC}") = "API", "API\API.csproj", "{3F15A958-5C75-477A-9CE2-7442C43C894D}"
EndProject
Project("{FAE04EC0-301F-11D3-BF4B-00C04F79EFBC}") = "Tests", "API.Tests\API.Tests.csproj", "{6979A293-2F4A-4281-907E-92D5F22BB385}"
EndProject
Global
	GlobalSection(SolutionConfigurationPlatforms) = preSolution
		Debug|Any CPU = Debug|Any CPU
		Release|Any CPU = Release|Any CPU
	EndGlobalSection
	GlobalSection(SolutionProperties) = preSolution
		HideSolutionNode = FALSE
	EndGlobalSection
	GlobalSection(ProjectConfigurationPlatforms) = postSolution
		{8E3373AD-E66B-4941-ACCC-A747A580E291}.Debug|Any CPU.ActiveCfg = Debug|Any CPU
		{8E3373AD-E66B-4941-ACCC-A747A580E291}.Debug|Any CPU.Build.0 = Debug|Any CPU
		{8E3373AD-E66B-4941-ACCC-A747A580E291}.Release|Any CPU.ActiveCfg = Release|Any CPU
		{8E3373AD-E66B-4941-ACCC-A747A580E291}.Release|Any CPU.Build.0 = Release|Any CPU
		{86C4E34E-0A26-40BD-A094-8EF8722FA5EF}.Debug|Any CPU.ActiveCfg = Debug|Any CPU
		{86C4E34E-0A26-40BD-A094-8EF8722FA5EF}.Debug|Any CPU.Build.0 = Debug|Any CPU
		{86C4E34E-0A26-40BD-A094-8EF8722FA5EF}.Release|Any CPU.ActiveCfg = Release|Any CPU
		{86C4E34E-0A26-40BD-A094-8EF8722FA5EF}.Release|Any CPU.Build.0 = Release|Any CPU
		{3F15A958-5C75-477A-9CE2-7442C43C894D}.Debug|Any CPU.ActiveCfg = Debug|Any CPU
		{3F15A958-5C75-477A-9CE2-7442C43C894D}.Debug|Any CPU.Build.0 = Debug|Any CPU
		{3F15A958-5C75-477A-9CE2-7442C43C894D}.Release|Any CPU.ActiveCfg = Release|Any CPU
		{3F15A958-5C75-477A-9CE2-7442C43C894D}.Release|Any CPU.Build.0 = Release|Any CPU
		{6979A293-2F4A-4281-907E-92D5F22BB385}.Debug|Any CPU.ActiveCfg = Debug|Any CPU
		{6979A293-2F4A-4281-907E-92D5F22BB385}.Debug|Any CPU.Build.0 = Debug|Any CPU
		{6979A293-2F4A-4281-907E-92D5F22BB385}.Release|Any CPU.ActiveCfg = Release|Any CPU
		{6979A293-2F4A-4281-907E-92D5F22BB385}.Release|Any CPU.Build.0 = Release|Any CPU
	EndGlobalSection
EndGlobal
